
Microsoft Visual Studio Solution File, Format Version 12.00
# Visual Studio Version 16
VisualStudioVersion = 16.0.30907.101
MinimumVisualStudioVersion = 10.0.40219.1
Project("{FAE04EC0-301F-11D3-BF4B-00C04F79EFBC}") = "UXSSHPush", "UXSSHPush\UXSSHPush.csproj", "{A6D6CA18-8AF1-430B-B5F9-58E71A0F38EF}"
EndProject
Global
	GlobalSection(SolutionConfigurationPlatforms) = preSolution
		Debug|Any CPU = Debug|Any CPU
		Release|Any CPU = Release|Any CPU
	EndGlobalSection
	GlobalSection(ProjectConfigurationPlatforms) = postSolution
		{A6D6CA18-8AF1-430B-B5F9-58E71A0F38EF}.Debug|Any CPU.ActiveCfg = Debug|Any CPU
		{A6D6CA18-8AF1-430B-B5F9-58E71A0F38EF}.Debug|Any CPU.Build.0 = Debug|Any CPU
		{A6D6CA18-8AF1-430B-B5F9-58E71A0F38EF}.Release|Any CPU.ActiveCfg = Release|Any CPU
		{A6D6CA18-8AF1-430B-B5F9-58E71A0F38EF}.Release|Any CPU.Build.0 = Release|Any CPU
	EndGlobalSection
	GlobalSection(SolutionProperties) = preSolution
		HideSolutionNode = FALSE
	EndGlobalSection
	GlobalSection(ExtensibilityGlobals) = postSolution
		SolutionGuid = {6BDF4B1F-951B-4964-9CA3-8E228F950109}
	EndGlobalSection
EndGlobal
